
Microsoft Visual Studio Solution File, Format Version 12.00
# Visual Studio Version 17
VisualStudioVersion = 17.0.32126.317
MinimumVisualStudioVersion = 10.0.40219.1
Project("{FAE04EC0-301F-11D3-BF4B-00C04F79EFBC}") = "VariablesAndValuesIT1050", "VariablesAndValuesIT1050\VariablesAndValuesIT1050.csproj", "{3E96F9B2-B99A-44B7-A75E-172FAB3967B4}"
EndProject
Global
	GlobalSection(SolutionConfigurationPlatforms) = preSolution
		Debug|Any CPU = Debug|Any CPU
		Release|Any CPU = Release|Any CPU
	EndGlobalSection
	GlobalSection(ProjectConfigurationPlatforms) = postSolution
		{3E96F9B2-B99A-44B7-A75E-172FAB3967B4}.Debug|Any CPU.ActiveCfg = Debug|Any CPU
		{3E96F9B2-B99A-44B7-A75E-172FAB3967B4}.Debug|Any CPU.Build.0 = Debug|Any CPU
		{3E96F9B2-B99A-44B7-A75E-172FAB3967B4}.Release|Any CPU.ActiveCfg = Release|Any CPU
		{3E96F9B2-B99A-44B7-A75E-172FAB3967B4}.Release|Any CPU.Build.0 = Release|Any CPU
	EndGlobalSection
	GlobalSection(SolutionProperties) = preSolution
		HideSolutionNode = FALSE
	EndGlobalSection
	GlobalSection(ExtensibilityGlobals) = postSolution
		SolutionGuid = {22FF7508-F76B-4A03-A0B6-003E8B057958}
	EndGlobalSection
EndGlobal
