
Microsoft Visual Studio Solution File, Format Version 12.00
# Visual Studio Version 17
VisualStudioVersion = 17.0.32126.317
MinimumVisualStudioVersion = 10.0.40219.1
Project("{FAE04EC0-301F-11D3-BF4B-00C04F79EFBC}") = "Functions", "Functions\Functions.csproj", "{4212ABC2-E421-4CDB-A0EB-E3B962CA9F23}"
EndProject
Global
	GlobalSection(SolutionConfigurationPlatforms) = preSolution
		Debug|Any CPU = Debug|Any CPU
		Release|Any CPU = Release|Any CPU
	EndGlobalSection
	GlobalSection(ProjectConfigurationPlatforms) = postSolution
		{4212ABC2-E421-4CDB-A0EB-E3B962CA9F23}.Debug|Any CPU.ActiveCfg = Debug|Any CPU
		{4212ABC2-E421-4CDB-A0EB-E3B962CA9F23}.Debug|Any CPU.Build.0 = Debug|Any CPU
		{4212ABC2-E421-4CDB-A0EB-E3B962CA9F23}.Release|Any CPU.ActiveCfg = Release|Any CPU
		{4212ABC2-E421-4CDB-A0EB-E3B962CA9F23}.Release|Any CPU.Build.0 = Release|Any CPU
	EndGlobalSection
	GlobalSection(SolutionProperties) = preSolution
		HideSolutionNode = FALSE
	EndGlobalSection
	GlobalSection(ExtensibilityGlobals) = postSolution
		SolutionGuid = {6F997309-5F82-4667-BDF8-7491A2B93BB2}
	EndGlobalSection
EndGlobal
